{
  "version": "5",
  "specifiers": {
    "jsr:@supabase/functions-js@*": "2.4.4",
    "npm:@types/node@*": "22.15.15",
    "npm:openai@^4.52.5": "4.104.0"
  },
  "jsr": {
    "@supabase/functions-js@2.4.4": {
      "integrity": "38456509a6e22fb116b118464cbb36357256f9048d3580632b63af91f63769f7",
      "dependencies": [
        "npm:openai"
      ]
    }
  },
  "npm": {
    "@types/node-fetch@2.6.12": {
      "integrity": "sha512-8nneRWKCg3rMtF69nLQJnOYUcbafYeFSjqkw3jCRLsqkWFlHaoQrr5mXmofFGOx3DKn7UfmBMyov8ySvLRVldA==",
      "dependencies": [
        "@types/node@22.15.15",
        "form-data"
      ]
    },
    "@types/node@18.19.112": {
      "integrity": "sha512-i+Vukt9POdS/MBI7YrrkkI5fMfwFtOjphSmt4WXYLfwqsfr6z/HdCx7LqT9M7JktGob8WNgj8nFB4TbGNE4Cog==",
      "dependencies": [
        "undici-types@5.26.5"
      ]
    },
    "@types/node@22.15.15": {
      "integrity": "sha512-R5muMcZob3/Jjchn5LcO8jdKwSCbzqmPB6ruBxMcf9kbxtniZHP327s6C37iOfuw8mbKK3cAQa7sEl7afLrQ8A==",
      "dependencies": [
        "undici-types@6.21.0"
      ]
    },
    "abort-controller@3.0.0": {
      "integrity": "sha512-h8lQ8tacZYnR3vNQTgibj+tODHI5/+l06Au2Pcriv/Gmet0eaj4TwWH41sO9wnHDiQsEj19q0drzdWdeAHtweg==",
      "dependencies": [
        "event-target-shim"
      ]
    },
    "agentkeepalive@4.6.0": {
      "integrity": "sha512-kja8j7PjmncONqaTsB8fQ+wE2mSU2DJ9D4XKoJ5PFWIdRMa6SLSN1ff4mOr4jCbfRSsxR4keIiySJU0N9T5hIQ==",
      "dependencies": [
        "humanize-ms"
      ]
    },
    "asynckit@0.4.0": {
      "integrity": "sha512-Oei9OH4tRh0YqU3GxhX79dM/mwVgvbZJaSNaRk+bshkj0S5cfHcgYakreBjrHwatXKbz+IoIdYLxrKim2MjW0Q=="
    },
    "call-bind-apply-helpers@1.0.2": {
      "integrity": "sha512-Sp1ablJ0ivDkSzjcaJdxEunN5/XvksFJ2sMBFfq6x0ryhQV/2b/KwFe21cMpmHtPOSij8K99/wSfoEuTObmuMQ==",
      "dependencies": [
        "es-errors",
        "function-bind"
      ]
    },
    "combined-stream@1.0.8": {
      "integrity": "sha512-FQN4MRfuJeHf7cBbBMJFXhKSDq+2kAArBlmRBvcvFE5BB1HZKXtSFASDhdlz9zOYwxh8lDdnvmMOe/+5cdoEdg==",
      "dependencies": [
        "delayed-stream"
      ]
    },
    "delayed-stream@1.0.0": {
      "integrity": "sha512-ZySD7Nf91aLB0RxL4KGrKHBXl7Eds1DAmEdcoVawXnLD7SDhpNgtuII2aAkg7a7QS41jxPSZ17p4VdGnMHk3MQ=="
    },
    "dunder-proto@1.0.1": {
      "integrity": "sha512-KIN/nDJBQRcXw0MLVhZE9iQHmG68qAVIBg9CqmUYjmQIhgij9U5MFvrqkUL5FbtyyzZuOeOt0zdeRe4UY7ct+A==",
      "dependencies": [
        "call-bind-apply-helpers",
        "es-errors",
        "gopd"
      ]
    },
    "es-define-property@1.0.1": {
      "integrity": "sha512-e3nRfgfUZ4rNGL232gUgX06QNyyez04KdjFrF+LTRoOXmrOgFKDg4BCdsjW8EnT69eqdYGmRpJwiPVYNrCaW3g=="
    },
    "es-errors@1.3.0": {
      "integrity": "sha512-Zf5H2Kxt2xjTvbJvP2ZWLEICxA6j+hAmMzIlypy4xcBg1vKVnx89Wy0GbS+kf5cwCVFFzdCFh2XSCFNULS6csw=="
    },
    "es-object-atoms@1.1.1": {
      "integrity": "sha512-FGgH2h8zKNim9ljj7dankFPcICIK9Cp5bm+c2gQSYePhpaG5+esrLODihIorn+Pe6FGJzWhXQotPv73jTaldXA==",
      "dependencies": [
        "es-errors"
      ]
    },
    "es-set-tostringtag@2.1.0": {
      "integrity": "sha512-j6vWzfrGVfyXxge+O0x5sh6cvxAog0a/4Rdd2K36zCMV5eJ+/+tOAngRO8cODMNWbVRdVlmGZQL2YS3yR8bIUA==",
      "dependencies": [
        "es-errors",
        "get-intrinsic",
        "has-tostringtag",
        "hasown"
      ]
    },
    "event-target-shim@5.0.1": {
      "integrity": "sha512-i/2XbnSz/uxRCU6+NdVJgKWDTM427+MqYbkQzD321DuCQJUqOuJKIA0IM2+W2xtYHdKOmZ4dR6fExsd4SXL+WQ=="
    },
    "form-data-encoder@1.7.2": {
      "integrity": "sha512-qfqtYan3rxrnCk1VYaA4H+Ms9xdpPqvLZa6xmMgFvhO32x7/3J/ExcTd6qpxM0vH2GdMI+poehyBZvqfMTto8A=="
    },
    "form-data@4.0.3": {
      "integrity": "sha512-qsITQPfmvMOSAdeyZ+12I1c+CKSstAFAwu+97zrnWAbIr5u8wfsExUzCesVLC8NgHuRUqNN4Zy6UPWUTRGslcA==",
      "dependencies": [
        "asynckit",
        "combined-stream",
        "es-set-tostringtag",
        "hasown",
        "mime-types"
      ]
    },
    "formdata-node@4.4.1": {
      "integrity": "sha512-0iirZp3uVDjVGt9p49aTaqjk84TrglENEDuqfdlZQ1roC9CWlPk6Avf8EEnZNcAqPonwkG35x4n3ww/1THYAeQ==",
      "dependencies": [
        "node-domexception",
        "web-streams-polyfill"
      ]
    },
    "function-bind@1.1.2": {
      "integrity": "sha512-7XHNxH7qX9xG5mIwxkhumTox/MIRNcOgDrxWsMt2pAr23WHp6MrRlN7FBSFpCpr+oVO0F744iUgR82nJMfG2SA=="
    },
    "get-intrinsic@1.3.0": {
      "integrity": "sha512-9fSjSaos/fRIVIp+xSJlE6lfwhES7LNtKaCBIamHsjr2na1BiABJPo0mOjjz8GJDURarmCPGqaiVg5mfjb98CQ==",
      "dependencies": [
        "call-bind-apply-helpers",
        "es-define-property",
        "es-errors",
        "es-object-atoms",
        "function-bind",
        "get-proto",
        "gopd",
        "has-symbols",
        "hasown",
        "math-intrinsics"
      ]
    },
    "get-proto@1.0.1": {
      "integrity": "sha512-sTSfBjoXBp89JvIKIefqw7U2CCebsc74kiY6awiGogKtoSGbgjYE/G/+l9sF3MWFPNc9IcoOC4ODfKHfxFmp0g==",
      "dependencies": [
        "dunder-proto",
        "es-object-atoms"
      ]
    },
    "gopd@1.2.0": {
      "integrity": "sha512-ZUKRh6/kUFoAiTAtTYPZJ3hw9wNxx+BIBOijnlG9PnrJsCcSjs1wyyD6vJpaYtgnzDrKYRSqf3OO6Rfa93xsRg=="
    },
    "has-symbols@1.1.0": {
      "integrity": "sha512-1cDNdwJ2Jaohmb3sg4OmKaMBwuC48sYni5HUw2DvsC8LjGTLK9h+eb1X6RyuOHe4hT0ULCW68iomhjUoKUqlPQ=="
    },
    "has-tostringtag@1.0.2": {
      "integrity": "sha512-NqADB8VjPFLM2V0VvHUewwwsw0ZWBaIdgo+ieHtK3hasLz4qeCRjYcqfB6AQrBggRKppKF8L52/VqdVsO47Dlw==",
      "dependencies": [
        "has-symbols"
      ]
    },
    "hasown@2.0.2": {
      "integrity": "sha512-0hJU9SCPvmMzIBdZFqNPXWa6dqh7WdH0cII9y+CyS8rG3nL48Bclra9HmKhVVUHyPWNH5Y7xDwAB7bfgSjkUMQ==",
      "dependencies": [
        "function-bind"
      ]
    },
    "humanize-ms@1.2.1": {
      "integrity": "sha512-Fl70vYtsAFb/C06PTS9dZBo7ihau+Tu/DNCk/OyHhea07S+aeMWpFFkUaXRa8fI+ScZbEI8dfSxwY7gxZ9SAVQ==",
      "dependencies": [
        "ms"
      ]
    },
    "math-intrinsics@1.1.0": {
      "integrity": "sha512-/IXtbwEk5HTPyEwyKX6hGkYXxM9nbj64B+ilVJnC/R6B0pH5G4V3b0pVbL7DBj4tkhBAppbQUlf6F6Xl9LHu1g=="
    },
    "mime-db@1.52.0": {
      "integrity": "sha512-sPU4uV7dYlvtWJxwwxHD0PuihVNiE7TyAbQ5SWxDCB9mUYvOgroQOwYQQOKPJ8CIbE+1ETVlOoK1UC2nU3gYvg=="
    },
    "mime-types@2.1.35": {
      "integrity": "sha512-ZDY+bPm5zTTF+YpCrAU9nK0UgICYPT0QtT1NZWFv4s++TNkcgVaT0g6+4R2uI4MjQjzysHB1zxuWL50hzaeXiw==",
      "dependencies": [
        "mime-db"
      ]
    },
    "ms@2.1.3": {
      "integrity": "sha512-6FlzubTLZG3J2a/NVCAleEhjzq5oxgHyaCU9yYXvcLsvoVaHJq/s5xXI6/XXP6tz7R9xAOtHnSO/tXtF3WRTlA=="
    },
    "node-domexception@1.0.0": {
      "integrity": "sha512-/jKZoMpw0F8GRwl4/eLROPA3cfcXtLApP0QzLmUT/HuPCZWyB7IY9ZrMeKw2O/nFIqPQB3PVM9aYm0F312AXDQ==",
      "deprecated": true
    },
    "node-fetch@2.7.0": {
      "integrity": "sha512-c4FRfUm/dbcWZ7U+1Wq0AwCyFL+3nt2bEw05wfxSz+DWpWsitgmSgYmy2dQdWyKC1694ELPqMs/YzUSNozLt8A==",
      "dependencies": [
        "whatwg-url"
      ]
    },
    "openai@4.104.0": {
      "integrity": "sha512-p99EFNsA/yX6UhVO93f5kJsDRLAg+CTA2RBqdHK4RtK8u5IJw32Hyb2dTGKbnnFmnuoBv5r7Z2CURI9sGZpSuA==",
      "dependencies": [
        "@types/node@18.19.112",
        "@types/node-fetch",
        "abort-controller",
        "agentkeepalive",
        "form-data-encoder",
        "formdata-node",
        "node-fetch"
      ],
      "bin": true
    },
    "tr46@0.0.3": {
      "integrity": "sha512-N3WMsuqV66lT30CrXNbEjx4GEwlow3v6rr4mCcv6prnfwhS01rkgyFdjPNBYd9br7LpXV1+Emh01fHnq2Gdgrw=="
    },
    "undici-types@5.26.5": {
      "integrity": "sha512-JlCMO+ehdEIKqlFxk6IfVoAUVmgz7cU7zD/h9XZ0qzeosSHmUJVOzSQvvYSYWXkFXC+IfLKSIffhv0sVZup6pA=="
    },
    "undici-types@6.21.0": {
      "integrity": "sha512-iwDZqg0QAGrg9Rav5H4n0M64c3mkR59cJ6wQp+7C4nI0gsmExaedaYLNO44eT4AtBBwjbTiGPMlt2Md0T9H9JQ=="
    },
    "web-streams-polyfill@4.0.0-beta.3": {
      "integrity": "sha512-QW95TCTaHmsYfHDybGMwO5IJIM93I/6vTRk+daHTWFPhwh+C8Cg7j7XyKrwrj8Ib6vYXe0ocYNrmzY4xAAN6ug=="
    },
    "webidl-conversions@3.0.1": {
      "integrity": "sha512-2JAn3z8AR6rjK8Sm8orRC0h/bcl/DqL7tRPdGZ4I1CjdF+EaMLmYxBHyXuKL849eucPFhvBoxMsflfOb8kxaeQ=="
    },
    "whatwg-url@5.0.0": {
      "integrity": "sha512-saE57nupxk6v3HY35+jzBwYa0rKSy0XR8JSxZPwgLr7ys0IBzhGviA1/TUGJLmSVqs8pb9AnvICXEuOHLprYTw==",
      "dependencies": [
        "tr46",
        "webidl-conversions"
      ]
    }
  },
  "redirects": {
    "https://esm.sh/@supabase/node-fetch@^2.6.14?target=denonext": "https://esm.sh/@supabase/node-fetch@2.6.15?target=denonext",
    "https://esm.sh/@supabase/supabase-js@2": "https://esm.sh/@supabase/supabase-js@2.50.0",
    "https://esm.sh/@types/ws@~8.18.1/index.d.mts": "https://esm.sh/@types/ws@8.18.1/index.d.mts",
    "https://esm.sh/bufferutil@^4.0.1?target=denonext": "https://esm.sh/bufferutil@4.0.9?target=denonext",
    "https://esm.sh/node-gyp-build@^4.3.0?target=denonext": "https://esm.sh/node-gyp-build@4.8.4?target=denonext",
    "https://esm.sh/tr46@~0.0.3?target=denonext": "https://esm.sh/tr46@0.0.3?target=denonext",
    "https://esm.sh/utf-8-validate@%3E=5.0.2?target=denonext": "https://esm.sh/utf-8-validate@6.0.5?target=denonext",
    "https://esm.sh/webidl-conversions@^3.0.0?target=denonext": "https://esm.sh/webidl-conversions@3.0.1?target=denonext",
    "https://esm.sh/whatwg-url@^5.0.0?target=denonext": "https://esm.sh/whatwg-url@5.0.0?target=denonext",
    "https://esm.sh/ws@^8.18.2?target=denonext": "https://esm.sh/ws@8.18.2?target=denonext"
  },
  "remote": {
    "https://esm.sh/@supabase/auth-js@2.70.0/denonext/auth-js.mjs": "51f137a91dc64489abf1a500582918ee5042e1e0b64c167f26a3b6d2f807f43c",
    "https://esm.sh/@supabase/functions-js@2.4.4/denonext/functions-js.mjs": "7adeb257410ef3c4a8a1eb9b4ff416c0075d1c32860ca04913c8a9dace1de6a6",
    "https://esm.sh/@supabase/node-fetch@2.6.15/denonext/node-fetch.mjs": "0bae9052231f4f6dbccc7234d05ea96923dbf967be12f402764580b6bf9f713d",
    "https://esm.sh/@supabase/node-fetch@2.6.15?target=denonext": "4d28c4ad97328403184353f68434f2b6973971507919e9150297413664919cf3",
    "https://esm.sh/@supabase/postgrest-js@1.19.4/denonext/postgrest-js.mjs": "2073b5552ba10c7a8302bffffae771e3aede1daf833382355dae239fb0ab2576",
    "https://esm.sh/@supabase/realtime-js@2.11.10/denonext/realtime-js.mjs": "23ab7d3a2cda22a65d0ed48e8adea547cc967bf4d2e32fd0af522563bdf77c24",
    "https://esm.sh/@supabase/storage-js@2.7.1/denonext/storage-js.mjs": "73ac8cdc95cfcd794fe603dbd7ce06d539ab51538ae6467eabe0f9cc26c993aa",
    "https://esm.sh/@supabase/supabase-js@2.50.0": "08871b551234bdcaf766bf2f864b8c00b6d7f92a66d23045596624e4b6c5d762",
    "https://esm.sh/@supabase/supabase-js@2.50.0/denonext/supabase-js.mjs": "f123d5a83e021b6ddd0ab4b3795c5ba5d3d27117d2e5844298ce5f9ba216311c",
    "https://esm.sh/bufferutil@4.0.9/denonext/bufferutil.mjs": "13dca4d5bb2c68cbe119f880fa3bd785b9a81a8e02e0834dae604b4b85295cd8",
    "https://esm.sh/bufferutil@4.0.9?target=denonext": "e32574569ab438facfcc3f412c659b0719bbf05477136ca176938c9a3ac45125",
    "https://esm.sh/node-gyp-build@4.8.4/denonext/node-gyp-build.mjs": "9a86f2d044fc77bd60aaa3d697c2ba1b818da5fb1b9aaeedec59a40b8e908803",
    "https://esm.sh/node-gyp-build@4.8.4?target=denonext": "261a6cedf1fdbf159798141ba1e2311ac1510682c5c8b55dacc8cf5fdee4aa06",
    "https://esm.sh/openai@4.47.3": "6654ae0720591b146c27cd8384bde526f58c810dbe69cf70e59dec0dbef876d7",
    "https://esm.sh/openai@4.47.3/denonext/_shims/MultipartBody.mjs": "3011c1425db067f8a191e8952ea57c84803a8c4ed3a98a3ee634bf27ef886913",
    "https://esm.sh/openai@4.47.3/denonext/_shims/auto/runtime.mjs": "104c59a77e54b777d74351d0c3a4489e6d48f9f2750e90e77042adc444bcdb84",
    "https://esm.sh/openai@4.47.3/denonext/_shims/index.mjs": "38eab2ac39187e8a30df7dd6b151df54f72115f2b8db7349b1a6a3a4437fef68",
    "https://esm.sh/openai@4.47.3/denonext/_shims/registry.mjs": "52fe1cfa76040f96c0d6e75406fccce79bfde5da52bd9df060baf0181bd99ae1",
    "https://esm.sh/openai@4.47.3/denonext/_shims/web-runtime.mjs": "4cdb15e7c1581b67976a3ef69ccf0fae022997e8359f621a131b2fda1691376f",
    "https://esm.sh/openai@4.47.3/denonext/core.mjs": "9326a499e50192b3e0cf309ec0ec81455b672249afacb67a2ff59d38cb92c268",
    "https://esm.sh/openai@4.47.3/denonext/error.mjs": "2818c00eaa213e15393cf516a90b541246eed297e14e1b7f0e25284943301c3b",
    "https://esm.sh/openai@4.47.3/denonext/lib/AbstractAssistantStreamRunner.mjs": "6ba5e79b500a04f0ec92a7b3afcbfa4a3833fdda0d30ba46f044d7b955dff4cf",
    "https://esm.sh/openai@4.47.3/denonext/lib/AbstractChatCompletionRunner.mjs": "3f40e613229e29ab360aae713b64eb99fd6b38f0328dcf4911e9986e5f02eb8e",
    "https://esm.sh/openai@4.47.3/denonext/lib/AssistantStream.mjs": "b486e849b1c7561f4d437b027cc5be8ddcca9a543b981832075953240f5cc772",
    "https://esm.sh/openai@4.47.3/denonext/lib/ChatCompletionRunner.mjs": "74ae68b2898df10aed86c7d253df3a7b82c0a691b3d0831564c91eed6a919206",
    "https://esm.sh/openai@4.47.3/denonext/lib/ChatCompletionStream.mjs": "572e9671d9e6ce6c498928fce089608ba971db28e72cf337d0363b4139a2cab4",
    "https://esm.sh/openai@4.47.3/denonext/lib/ChatCompletionStreamingRunner.mjs": "a37f7296a1fe6b0a9e260f50d8f5402affe783d29767ef150454e2d3bd414b51",
    "https://esm.sh/openai@4.47.3/denonext/lib/RunnableFunction.mjs": "def223b4354881bfb97e7e83668522fe5d6ac240d5bc81289da476a450dfb7ef",
    "https://esm.sh/openai@4.47.3/denonext/lib/Util.mjs": "bfb432a3f53eff2f51b477769bc7f3c1bce5ece9cf3caddfd0e2dcb30922f883",
    "https://esm.sh/openai@4.47.3/denonext/lib/chatCompletionUtils.mjs": "bb4f9877cc0116dadbd963f1f1137cde525d47439da1f07a5e3dfd5febda7659",
    "https://esm.sh/openai@4.47.3/denonext/openai.mjs": "aba9d3ff5ab0d0a1750adefd4828c8e9797eb5ff86af23eaf15774ef6a67a930",
    "https://esm.sh/openai@4.47.3/denonext/pagination.mjs": "c4336623905c8ab48b7d1e442203cd150c9f8c36e62ac7715163eabb0bbcbcf3",
    "https://esm.sh/openai@4.47.3/denonext/resource.mjs": "706c939cdf0b496051a77c41afcf9fdb4d88929a17456703548769f596f29de2",
    "https://esm.sh/openai@4.47.3/denonext/resources/audio/audio.mjs": "82d35cda4cdebcca64f8373a2bc5ee5963afa33fe42d4bdd62099925836d8000",
    "https://esm.sh/openai@4.47.3/denonext/resources/audio/speech.mjs": "74e71168e9f0898bedd00cde79948f3362f37c6ad2cc943810d7ec9d32f44094",
    "https://esm.sh/openai@4.47.3/denonext/resources/audio/transcriptions.mjs": "d2628898507481be7b9e6030eef3f77d1b515ea311c8399412a5129f860a5e2d",
    "https://esm.sh/openai@4.47.3/denonext/resources/audio/translations.mjs": "14bd7eac3efff4621a4d763d3bad5cd42b405852695c1ff2efa054cf5251eb3d",
    "https://esm.sh/openai@4.47.3/denonext/resources/batches.mjs": "042c1ed52675305befeca8c6d1b4446043aead4b0a9496f5577ae693e29269de",
    "https://esm.sh/openai@4.47.3/denonext/resources/beta/assistants.mjs": "8c4d2372902356f14b7a5959071c8cb81fe8c06bc3ee1099e623547fff2aba9e",
    "https://esm.sh/openai@4.47.3/denonext/resources/beta/beta.mjs": "a63f742066a015ea37b1f2dfe06088cb57fd780d43f5f940b75ef581013e987d",
    "https://esm.sh/openai@4.47.3/denonext/resources/beta/chat/chat.mjs": "7dc9177985bafbda157286bf508ed86ee657983bdda4ec8d6d73a0605dbebfae",
    "https://esm.sh/openai@4.47.3/denonext/resources/beta/chat/completions.mjs": "5ea82f3f97753736964b525ed849bf2d23f72b37fb3cfa29d06cbb345a6d2d47",
    "https://esm.sh/openai@4.47.3/denonext/resources/beta/threads/messages.mjs": "9740c6c0ea341fb656b6cde7ab3daf32eaa39a0b6632905e940fd13e05e8beec",
    "https://esm.sh/openai@4.47.3/denonext/resources/beta/threads/runs/runs.mjs": "33dab6a70e8cd41f384af43c2e66a314e078b79530f7ebecb21cc106d8216eca",
    "https://esm.sh/openai@4.47.3/denonext/resources/beta/threads/runs/steps.mjs": "2cdf3e43486e16950ccb5b04b4ca89b31982caa7c24db4abe769d819df6f7b07",
    "https://esm.sh/openai@4.47.3/denonext/resources/beta/threads/threads.mjs": "a06b73e5ad49180b93174f114dfa09331bd009b6610392b8bf8ecc84946ac093",
    "https://esm.sh/openai@4.47.3/denonext/resources/beta/vector-stores/file-batches.mjs": "a3099ec11ecdd7bfdcce9ad4e23bd61658ce26955aa154284910d3a35ca0d82d",
    "https://esm.sh/openai@4.47.3/denonext/resources/beta/vector-stores/files.mjs": "43d42a817e624dc44373c84a31ce9e6b2c8911e2245b66b7e130eb4033c82f1c",
    "https://esm.sh/openai@4.47.3/denonext/resources/beta/vector-stores/vector-stores.mjs": "44a21d17f9279b5be8c4e402ae3f8bd79d701048fcf7d83a0767c290e297df4f",
    "https://esm.sh/openai@4.47.3/denonext/resources/chat/chat.mjs": "7a1166de24daf9db191be9e954269be58b401005c0872a8629d11e3d03b6a509",
    "https://esm.sh/openai@4.47.3/denonext/resources/chat/completions.mjs": "e77315b701030e4b172323695a577abd6b8896c68088993695de60c77e999995",
    "https://esm.sh/openai@4.47.3/denonext/resources/chat/index.mjs": "e46b511f4aae20ea3f9149e740b1a1ddc865d820023f55810e7d469407ec8d9f",
    "https://esm.sh/openai@4.47.3/denonext/resources/completions.mjs": "b144a65654a9160447249b9112568b85159b96f737cc5732a15e7bcd7336acce",
    "https://esm.sh/openai@4.47.3/denonext/resources/embeddings.mjs": "b2aff7e7f3eff8f9274c31cafe428600db8dbc65a9d820e573b562c3a45dae78",
    "https://esm.sh/openai@4.47.3/denonext/resources/files.mjs": "6ce870bafbddb4fd6a3897a1382a4fd98da302e782754d6a6c4ee8fbff2ce433",
    "https://esm.sh/openai@4.47.3/denonext/resources/fine-tuning/fine-tuning.mjs": "4455560a631414f07e181d45b278e6be60b581deba1cabe869736210b1829923",
    "https://esm.sh/openai@4.47.3/denonext/resources/fine-tuning/jobs/checkpoints.mjs": "235fb173c260ecd7997fa2b04d26ba71a6552e95cd39cbbb32928c867e5ab676",
    "https://esm.sh/openai@4.47.3/denonext/resources/fine-tuning/jobs/jobs.mjs": "046892951ac6b598731ecc53eadf0c28690e2b2fefcd8b402e4ee93723312c5b",
    "https://esm.sh/openai@4.47.3/denonext/resources/images.mjs": "c7bb2bafb871a7f372b8af57f0c6e61bd812297cadde46ed170e36117ac8c45d",
    "https://esm.sh/openai@4.47.3/denonext/resources/index.mjs": "24c0cc855452d4cfaf86324638c048480ce3e3ed8b42f141f482799f890ca228",
    "https://esm.sh/openai@4.47.3/denonext/resources/models.mjs": "eb2c1a9a509ad1c3d825bb97493c5a7021f2583422bea000c57967df26ac0d58",
    "https://esm.sh/openai@4.47.3/denonext/resources/moderations.mjs": "779a6bc2aa4d4e2738f305ddcb8daa18923065d56565ecac963165314bd6ff47",
    "https://esm.sh/openai@4.47.3/denonext/resources/shared.mjs": "b7a9ee73361d4af056026100fa78f18912c6e866b56e69eb30e7d8ac8293f614",
    "https://esm.sh/openai@4.47.3/denonext/streaming.mjs": "1a2eb94ea44113ffc82e620392ea643d2fb04e34072b0b8c9a218b1458e64be0",
    "https://esm.sh/openai@4.47.3/denonext/uploads.mjs": "64d6cc9d8a51f051c7bfea33054fda91c089e9b8d6d27e64a619285c826cd9ae",
    "https://esm.sh/openai@4.47.3/denonext/version.mjs": "5fb9c85faf86b565dfbcf9d4a777aadf033b474469103ca2602d553b7c4680ed",
    "https://esm.sh/tr46@0.0.3/denonext/tr46.mjs": "5753ec0a99414f4055f0c1f97691100f13d88e48a8443b00aebb90a512785fa2",
    "https://esm.sh/tr46@0.0.3?target=denonext": "19cb9be0f0d418a0c3abb81f2df31f080e9540a04e43b0f699bce1149cba0cbb",
    "https://esm.sh/utf-8-validate@6.0.5/denonext/utf-8-validate.mjs": "66b8ea532a0c745068f5b96ddb1bae332c3036703243541d2e89e66331974d98",
    "https://esm.sh/utf-8-validate@6.0.5?target=denonext": "071bc33ba1a58297e23a34d69dd589fd06df04b0f373b382ff5da544a623f271",
    "https://esm.sh/webidl-conversions@3.0.1/denonext/webidl-conversions.mjs": "54b5c2d50a294853c4ccebf9d5ed8988c94f4e24e463d84ec859a866ea5fafec",
    "https://esm.sh/webidl-conversions@3.0.1?target=denonext": "4e20318d50528084616c79d7b3f6e7f0fe7b6d09013bd01b3974d7448d767e29",
    "https://esm.sh/whatwg-url@5.0.0/denonext/whatwg-url.mjs": "29b16d74ee72624c915745bbd25b617cfd2248c6af0f5120d131e232a9a9af79",
    "https://esm.sh/whatwg-url@5.0.0?target=denonext": "f001a2cadf81312d214ca330033f474e74d81a003e21e8c5d70a1f46dc97b02d",
    "https://esm.sh/ws@8.18.2/denonext/ws.mjs": "b9211ecb1511b09f418c1330920c66800b66710b2cd2997b64b7e0525bd895d2",
    "https://esm.sh/ws@8.18.2?target=denonext": "2ee7b1bb11543dda3e7e1c685ad8599b6f18aea785302374c3def5da468a1e51"
  },
  "workspace": {
    "dependencies": [
      "jsr:@supabase/functions-js@0.8"
    ]
  }
}
